{
  "version": 4,
  "terraform_version": "1.14.6",
  "serial": 82,
  "lineage": "83e18b38-2c25-3da5-d9e3-981c71b600c6",
  "outputs": {
    "acr_login_server": {
      "value": "trailconditionsacr.azurecr.io",
      "type": "string"
    },
    "aks_cluster_name": {
      "value": "trailconditions-aks",
      "type": "string"
    },
    "resource_group_name": {
      "value": "trailconditions-rg",
      "type": "string"
    }
  },
  "resources": [
    {
      "mode": "managed",
      "type": "azurerm_container_registry",
      "name": "acr",
      "provider": "provider[\"registry.terraform.io/hashicorp/azurerm\"]",
      "instances": [
        {
          "schema_version": 2,
          "attributes": {
            "admin_enabled": true,
            "admin_password": "42vQTvKYrk1385kMr1uSE0XS9MaEPRzACVeB9prAhiPDYxUZh3AbJQQJ99CFACPV0roEqg7NAAACAZCRy1Bp",
            "admin_username": "trailconditionsacr",
            "anonymous_pull_enabled": false,
            "data_endpoint_enabled": false,
            "encryption": [
              {
                "enabled": false,
                "identity_client_id": "",
                "key_vault_key_id": ""
              }
            ],
            "export_policy_enabled": true,
            "georeplications": [],
            "id": "/subscriptions/210a5285-6f21-4ae5-a596-24634d16af50/resourceGroups/trailconditions-rg/providers/Microsoft.ContainerRegistry/registries/trailconditionsacr",
            "identity": [],
            "location": "germanywestcentral",
            "login_server": "trailconditionsacr.azurecr.io",
            "name": "trailconditionsacr",
            "network_rule_bypass_option": "AzureServices",
            "network_rule_set": [],
            "public_network_access_enabled": true,
            "quarantine_policy_enabled": false,
            "resource_group_name": "trailconditions-rg",
            "retention_policy": [
              {
                "days": 7,
                "enabled": false
              }
            ],
            "sku": "Basic",
            "tags": {},
            "timeouts": null,
            "trust_policy": [
              {
                "enabled": false
              }
            ],
            "zone_redundancy_enabled": false
          },
          "sensitive_attributes": [
            [
              {
                "type": "get_attr",
                "value": "admin_password"
              }
            ]
          ],
          "identity_schema_version": 0,
          "private": "eyJlMmJmYjczMC1lY2FhLTExZTYtOGY4OC0zNDM2M2JjN2M0YzAiOnsiY3JlYXRlIjoxODAwMDAwMDAwMDAwLCJkZWxldGUiOjE4MDAwMDAwMDAwMDAsInJlYWQiOjMwMDAwMDAwMDAwMCwidXBkYXRlIjoxODAwMDAwMDAwMDAwfSwic2NoZW1hX3ZlcnNpb24iOiIyIn0=",
          "dependencies": [
            "azurerm_resource_group.rg"
          ]
        }
      ]
    },
    {
      "mode": "managed",
      "type": "azurerm_resource_group",
      "name": "rg",
      "provider": "provider[\"registry.terraform.io/hashicorp/azurerm\"]",
      "instances": [
        {
          "schema_version": 0,
          "attributes": {
            "id": "/subscriptions/210a5285-6f21-4ae5-a596-24634d16af50/resourceGroups/trailconditions-rg",
            "location": "germanywestcentral",
            "managed_by": "",
            "name": "trailconditions-rg",
            "tags": {},
            "timeouts": null
          },
          "sensitive_attributes": [],
          "identity_schema_version": 0,
          "private": "eyJlMmJmYjczMC1lY2FhLTExZTYtOGY4OC0zNDM2M2JjN2M0YzAiOnsiY3JlYXRlIjo1NDAwMDAwMDAwMDAwLCJkZWxldGUiOjU0MDAwMDAwMDAwMDAsInJlYWQiOjMwMDAwMDAwMDAwMCwidXBkYXRlIjo1NDAwMDAwMDAwMDAwfX0="
        }
      ]
    }
  ],
  "check_results": null
}
